
Microsoft Visual Studio Solution File, Format Version 12.00
# Visual Studio Version 17
VisualStudioVersion = 17.4.33213.308
MinimumVisualStudioVersion = 10.0.40219.1
Project("{FAE04EC0-301F-11D3-BF4B-00C04F79EFBC}") = "EJERCICIO12JBSM.Android", "EJERCICIO12JBSM\EJERCICIO12JBSM.Android\EJERCICIO12JBSM.Android.csproj", "{1ED3472B-4825-4278-9BEF-9076A875A628}"
EndProject
Project("{FAE04EC0-301F-11D3-BF4B-00C04F79EFBC}") = "EJERCICIO12JBSM", "EJERCICIO12JBSM\EJERCICIO12JBSM\EJERCICIO12JBSM.csproj", "{2508ED4F-244D-403D-A798-1AC5A9D3DCC6}"
EndProject
Global
	GlobalSection(SolutionConfigurationPlatforms) = preSolution
		Debug|Any CPU = Debug|Any CPU
		Release|Any CPU = Release|Any CPU
	EndGlobalSection
	GlobalSection(ProjectConfigurationPlatforms) = postSolution
		{1ED3472B-4825-4278-9BEF-9076A875A628}.Debug|Any CPU.ActiveCfg = Debug|Any CPU
		{1ED3472B-4825-4278-9BEF-9076A875A628}.Debug|Any CPU.Build.0 = Debug|Any CPU
		{1ED3472B-4825-4278-9BEF-9076A875A628}.Debug|Any CPU.Deploy.0 = Debug|Any CPU
		{1ED3472B-4825-4278-9BEF-9076A875A628}.Release|Any CPU.ActiveCfg = Release|Any CPU
		{1ED3472B-4825-4278-9BEF-9076A875A628}.Release|Any CPU.Build.0 = Release|Any CPU
		{1ED3472B-4825-4278-9BEF-9076A875A628}.Release|Any CPU.Deploy.0 = Release|Any CPU
		{2508ED4F-244D-403D-A798-1AC5A9D3DCC6}.Debug|Any CPU.ActiveCfg = Debug|Any CPU
		{2508ED4F-244D-403D-A798-1AC5A9D3DCC6}.Debug|Any CPU.Build.0 = Debug|Any CPU
		{2508ED4F-244D-403D-A798-1AC5A9D3DCC6}.Debug|Any CPU.Deploy.0 = Debug|Any CPU
		{2508ED4F-244D-403D-A798-1AC5A9D3DCC6}.Release|Any CPU.ActiveCfg = Release|Any CPU
		{2508ED4F-244D-403D-A798-1AC5A9D3DCC6}.Release|Any CPU.Build.0 = Release|Any CPU
		{2508ED4F-244D-403D-A798-1AC5A9D3DCC6}.Release|Any CPU.Deploy.0 = Release|Any CPU
	EndGlobalSection
	GlobalSection(SolutionProperties) = preSolution
		HideSolutionNode = FALSE
	EndGlobalSection
	GlobalSection(ExtensibilityGlobals) = postSolution
		SolutionGuid = {FCC384B9-99E7-48D2-A877-834F2D96D63B}
	EndGlobalSection
EndGlobal
